// !$*UTF8*$!
{
	archiveVersion = 1;
	classes = {
	};
	objectVersion = 56;
	objects = {

/* Begin PBXBuildFile section */
		753413C2297F579800FF759A /* ToDo Watch App.app in Embed Watch Content */ = {isa = PBXBuildFile; fileRef = 753413C1297F579800FF759A /* ToDo Watch App.app */; settings = {ATTRIBUTES = (RemoveHeadersOnCopy, ); }; };
		753413C7297F579800FF759A /* ToDoApp.swift in Sources */ = {isa = PBXBuildFile; fileRef = 753413C6297F579800FF759A /* ToDoApp.swift */; };
		753413C9297F579800FF759A /* ContentView.swift in Sources */ = {isa = PBXBuildFile; fileRef = 753413C8297F579800FF759A /* ContentView.swift */; };
		753413CB297F579900FF759A /* Assets.xcassets in Resources */ = {isa = PBXBuildFile; fileRef = 753413CA297F579900FF759A /* Assets.xcassets */; };
		753413CE297F579900FF759A /* Preview Assets.xcassets in Resources */ = {isa = PBXBuildFile; fileRef = 753413CD297F579900FF759A /* Preview Assets.xcassets */; };
		753413D8297F579900FF759A /* ToDo_Watch_AppTests.swift in Sources */ = {isa = PBXBuildFile; fileRef = 753413D7297F579900FF759A /* ToDo_Watch_AppTests.swift */; };
		753413E2297F579900FF759A /* ToDo_Watch_AppUITests.swift in Sources */ = {isa = PBXBuildFile; fileRef = 753413E1297F579900FF759A /* ToDo_Watch_AppUITests.swift */; };
		753413E4297F579900FF759A /* ToDo_Watch_AppUITestsLaunchTests.swift in Sources */ = {isa = PBXBuildFile; fileRef = 753413E3297F579900FF759A /* ToDo_Watch_AppUITestsLaunchTests.swift */; };
		753F8B6D298608CF00F3B8AA /* InfoView.swift in Sources */ = {isa = PBXBuildFile; fileRef = 753F8B6C298608CF00F3B8AA /* InfoView.swift */; };
		753F8B70298609B500F3B8AA /* HeaderView.swift in Sources */ = {isa = PBXBuildFile; fileRef = 753F8B6F298609B500F3B8AA /* HeaderView.swift */; };
		758B27032983447E000388B4 /* Note.swift in Sources */ = {isa = PBXBuildFile; fileRef = 758B27022983447E000388B4 /* Note.swift */; };
		75DFA42229845E7100599B6C /* NoteView.swift in Sources */ = {isa = PBXBuildFile; fileRef = 75DFA42129845E7100599B6C /* NoteView.swift */; };
/* End PBXBuildFile section */

/* Begin PBXContainerItemProxy section */
		753413C3297F579800FF759A /* PBXContainerItemProxy */ = {
			isa = PBXContainerItemProxy;
			containerPortal = 753413B5297F579800FF759A /* Project object */;
			proxyType = 1;
			remoteGlobalIDString = 753413C0297F579800FF759A;
			remoteInfo = "ToDo Watch App";
		};
		753413D4297F579900FF759A /* PBXContainerItemProxy */ = {
			isa = PBXContainerItemProxy;
			containerPortal = 753413B5297F579800FF759A /* Project object */;
			proxyType = 1;
			remoteGlobalIDString = 753413C0297F579800FF759A;
			remoteInfo = "ToDo Watch App";
		};
		753413DE297F579900FF759A /* PBXContainerItemProxy */ = {
			isa = PBXContainerItemProxy;
			containerPortal = 753413B5297F579800FF759A /* Project object */;
			proxyType = 1;
			remoteGlobalIDString = 753413C0297F579800FF759A;
			remoteInfo = "ToDo Watch App";
		};
/* End PBXContainerItemProxy section */

/* Begin PBXCopyFilesBuildPhase section */
		753413EA297F579900FF759A /* Embed Watch Content */ = {
			isa = PBXCopyFilesBuildPhase;
			buildActionMask = 2147483647;
			dstPath = "$(CONTENTS_FOLDER_PATH)/Watch";
			dstSubfolderSpec = 16;
			files = (
				753413C2297F579800FF759A /* ToDo Watch App.app in Embed Watch Content */,
			);
			name = "Embed Watch Content";
			runOnlyForDeploymentPostprocessing = 0;
		};
/* End PBXCopyFilesBuildPhase section */

/* Begin PBXFileReference section */
		753413BB297F579800FF759A /* ToDo.app */ = {isa = PBXFileReference; explicitFileType = wrapper.application; includeInIndex = 0; path = ToDo.app; sourceTree = BUILT_PRODUCTS_DIR; };
		753413C1297F579800FF759A /* ToDo Watch App.app */ = {isa = PBXFileReference; explicitFileType = wrapper.application; includeInIndex = 0; path = "ToDo Watch App.app"; sourceTree = BUILT_PRODUCTS_DIR; };
		753413C6297F579800FF759A /* ToDoApp.swift */ = {isa = PBXFileReference; lastKnownFileType = sourcecode.swift; path = ToDoApp.swift; sourceTree = "<group>"; };
		753413C8297F579800FF759A /* ContentView.swift */ = {isa = PBXFileReference; lastKnownFileType = sourcecode.swift; path = ContentView.swift; sourceTree = "<group>"; };
		753413CA297F579900FF759A /* Assets.xcassets */ = {isa = PBXFileReference; lastKnownFileType = folder.assetcatalog; path = Assets.xcassets; sourceTree = "<group>"; };
		753413CD297F579900FF759A /* Preview Assets.xcassets */ = {isa = PBXFileReference; lastKnownFileType = folder.assetcatalog; path = "Preview Assets.xcassets"; sourceTree = "<group>"; };
		753413D3297F579900FF759A /* ToDo Watch AppTests.xctest */ = {isa = PBXFileReference; explicitFileType = wrapper.cfbundle; includeInIndex = 0; path = "ToDo Watch AppTests.xctest"; sourceTree = BUILT_PRODUCTS_DIR; };
		753413D7297F579900FF759A /* ToDo_Watch_AppTests.swift */ = {isa = PBXFileReference; lastKnownFileType = sourcecode.swift; path = ToDo_Watch_AppTests.swift; sourceTree = "<group>"; };
		753413DD297F579900FF759A /* ToDo Watch AppUITests.xctest */ = {isa = PBXFileReference; explicitFileType = wrapper.cfbundle; includeInIndex = 0; path = "ToDo Watch AppUITests.xctest"; sourceTree = BUILT_PRODUCTS_DIR; };
		753413E1297F579900FF759A /* ToDo_Watch_AppUITests.swift */ = {isa = PBXFileReference; lastKnownFileType = sourcecode.swift; path = ToDo_Watch_AppUITests.swift; sourceTree = "<group>"; };
		753413E3297F579900FF759A /* ToDo_Watch_AppUITestsLaunchTests.swift */ = {isa = PBXFileReference; lastKnownFileType = sourcecode.swift; path = ToDo_Watch_AppUITestsLaunchTests.swift; sourceTree = "<group>"; };
		753F8B6C298608CF00F3B8AA /* InfoView.swift */ = {isa = PBXFileReference; lastKnownFileType = sourcecode.swift; path = InfoView.swift; sourceTree = "<group>"; };
		753F8B6F298609B500F3B8AA /* HeaderView.swift */ = {isa = PBXFileReference; lastKnownFileType = sourcecode.swift; path = HeaderView.swift; sourceTree = "<group>"; };
		758B27022983447E000388B4 /* Note.swift */ = {isa = PBXFileReference; lastKnownFileType = sourcecode.swift; path = Note.swift; sourceTree = "<group>"; };
		75DFA42129845E7100599B6C /* NoteView.swift */ = {isa = PBXFileReference; lastKnownFileType = sourcecode.swift; path = NoteView.swift; sourceTree = "<group>"; };
/* End PBXFileReference section */

/* Begin PBXFrameworksBuildPhase section */
		753413BE297F579800FF759A /* Frameworks */ = {
			isa = PBXFrameworksBuildPhase;
			buildActionMask = 2147483647;
			files = (
			);
			runOnlyForDeploymentPostprocessing = 0;
		};
		753413D0297F579900FF759A /* Frameworks */ = {
			isa = PBXFrameworksBuildPhase;
			buildActionMask = 2147483647;
			files = (
			);
			runOnlyForDeploymentPostprocessing = 0;
		};
		753413DA297F579900FF759A /* Frameworks */ = {
			isa = PBXFrameworksBuildPhase;
			buildActionMask = 2147483647;
			files = (
			);
			runOnlyForDeploymentPostprocessing = 0;
		};
/* End PBXFrameworksBuildPhase section */

/* Begin PBXGroup section */
		753413B4297F579800FF759A = {
			isa = PBXGroup;
			children = (
				753413C5297F579800FF759A /* ToDo Watch App */,
				753413D6297F579900FF759A /* ToDo Watch AppTests */,
				753413E0297F579900FF759A /* ToDo Watch AppUITests */,
				753413BC297F579800FF759A /* Products */,
			);
			sourceTree = "<group>";
		};
		753413BC297F579800FF759A /* Products */ = {
			isa = PBXGroup;
			children = (
				753413BB297F579800FF759A /* ToDo.app */,
				753413C1297F579800FF759A /* ToDo Watch App.app */,
				753413D3297F579900FF759A /* ToDo Watch AppTests.xctest */,
				753413DD297F579900FF759A /* ToDo Watch AppUITests.xctest */,
			);
			name = Products;
			sourceTree = "<group>";
		};
		753413C5297F579800FF759A /* ToDo Watch App */ = {
			isa = PBXGroup;
			children = (
				753F8B6E2986099B00F3B8AA /* Component */,
				758B27012983442B000388B4 /* View */,
				758B270029834423000388B4 /* Model */,
				753413C6297F579800FF759A /* ToDoApp.swift */,
				753413CA297F579900FF759A /* Assets.xcassets */,
				753413CC297F579900FF759A /* Preview Content */,
			);
			path = "ToDo Watch App";
			sourceTree = "<group>";
		};
		753413CC297F579900FF759A /* Preview Content */ = {
			isa = PBXGroup;
			children = (
				753413CD297F579900FF759A /* Preview Assets.xcassets */,
			);
			path = "Preview Content";
			sourceTree = "<group>";
		};
		753413D6297F579900FF759A /* ToDo Watch AppTests */ = {
			isa = PBXGroup;
			children = (
				753413D7297F579900FF759A /* ToDo_Watch_AppTests.swift */,
			);
			path = "ToDo Watch AppTests";
			sourceTree = "<group>";
		};
		753413E0297F579900FF759A /* ToDo Watch AppUITests */ = {
			isa = PBXGroup;
			children = (
				753413E1297F579900FF759A /* ToDo_Watch_AppUITests.swift */,
				753413E3297F579900FF759A /* ToDo_Watch_AppUITestsLaunchTests.swift */,
			);
			path = "ToDo Watch AppUITests";
			sourceTree = "<group>";
		};
		753F8B6E2986099B00F3B8AA /* Component */ = {
			isa = PBXGroup;
			children = (
				753F8B6F298609B500F3B8AA /* HeaderView.swift */,
			);
			path = Component;
			sourceTree = "<group>";
		};
		758B270029834423000388B4 /* Model */ = {
			isa = PBXGroup;
			children = (
				758B27022983447E000388B4 /* Note.swift */,
			);
			path = Model;
			sourceTree = "<group>";
		};
		758B27012983442B000388B4 /* View */ = {
			isa = PBXGroup;
			children = (
				753413C8297F579800FF759A /* ContentView.swift */,
				75DFA42129845E7100599B6C /* NoteView.swift */,
				753F8B6C298608CF00F3B8AA /* InfoView.swift */,
			);
			path = View;
			sourceTree = "<group>";
		};
/* End PBXGroup section */

/* Begin PBXNativeTarget section */
		753413BA297F579800FF759A /* ToDo */ = {
			isa = PBXNativeTarget;
			buildConfigurationList = 753413EB297F579900FF759A /* Build configuration list for PBXNativeTarget "ToDo" */;
			buildPhases = (
				753413B9297F579800FF759A /* Resources */,
				753413EA297F579900FF759A /* Embed Watch Content */,
			);
			buildRules = (
			);
			dependencies = (
				753413C4297F579800FF759A /* PBXTargetDependency */,
			);
			name = ToDo;
			productName = ToDo;
			productReference = 753413BB297F579800FF759A /* ToDo.app */;
			productType = "com.apple.product-type.application.watchapp2-container";
		};
		753413C0297F579800FF759A /* ToDo Watch App */ = {
			isa = PBXNativeTarget;
			buildConfigurationList = 753413E7297F579900FF759A /* Build configuration list for PBXNativeTarget "ToDo Watch App" */;
			buildPhases = (
				753413BD297F579800FF759A /* Sources */,
				753413BE297F579800FF759A /* Frameworks */,
				753413BF297F579800FF759A /* Resources */,
			);
			buildRules = (
			);
			dependencies = (
			);
			name = "ToDo Watch App";
			productName = "ToDo Watch App";
			productReference = 753413C1297F579800FF759A /* ToDo Watch App.app */;
			productType = "com.apple.product-type.application";
		};
		753413D2297F579900FF759A /* ToDo Watch AppTests */ = {
			isa = PBXNativeTarget;
			buildConfigurationList = 753413EE297F579900FF759A /* Build configuration list for PBXNativeTarget "ToDo Watch AppTests" */;
			buildPhases = (
				753413CF297F579900FF759A /* Sources */,
				753413D0297F579900FF759A /* Frameworks */,
				753413D1297F579900FF759A /* Resources */,
			);
			buildRules = (
			);
			dependencies = (
				753413D5297F579900FF759A /* PBXTargetDependency */,
			);
			name = "ToDo Watch AppTests";
			productName = "ToDo Watch AppTests";
			productReference = 753413D3297F579900FF759A /* ToDo Watch AppTests.xctest */;
			productType = "com.apple.product-type.bundle.unit-test";
		};
		753413DC297F579900FF759A /* ToDo Watch AppUITests */ = {
			isa = PBXNativeTarget;
			buildConfigurationList = 753413F1297F579900FF759A /* Build configuration list for PBXNativeTarget "ToDo Watch AppUITests" */;
			buildPhases = (
				753413D9297F579900FF759A /* Sources */,
				753413DA297F579900FF759A /* Frameworks */,
				753413DB297F579900FF759A /* Resources */,
			);
			buildRules = (
			);
			dependencies = (
				753413DF297F579900FF759A /* PBXTargetDependency */,
			);
			name = "ToDo Watch AppUITests";
			productName = "ToDo Watch AppUITests";
			productReference = 753413DD297F579900FF759A /* ToDo Watch AppUITests.xctest */;
			productType = "com.apple.product-type.bundle.ui-testing";
		};
/* End PBXNativeTarget section */

/* Begin PBXProject section */
		753413B5297F579800FF759A /* Project object */ = {
			isa = PBXProject;
			attributes = {
				BuildIndependentTargetsInParallel = 1;
				LastSwiftUpdateCheck = 1420;
				LastUpgradeCheck = 1420;
				TargetAttributes = {
					753413BA297F579800FF759A = {
						CreatedOnToolsVersion = 14.2;
					};
					753413C0297F579800FF759A = {
						CreatedOnToolsVersion = 14.2;
					};
					753413D2297F579900FF759A = {
						CreatedOnToolsVersion = 14.2;
						TestTargetID = 753413C0297F579800FF759A;
					};
					753413DC297F579900FF759A = {
						CreatedOnToolsVersion = 14.2;
						TestTargetID = 753413C0297F579800FF759A;
					};
				};
			};
			buildConfigurationList = 753413B8297F579800FF759A /* Build configuration list for PBXProject "ToDo" */;
			compatibilityVersion = "Xcode 14.0";
			developmentRegion = en;
			hasScannedForEncodings = 0;
			knownRegions = (
				en,
				Base,
			);
			mainGroup = 753413B4297F579800FF759A;
			productRefGroup = 753413BC297F579800FF759A /* Products */;
			projectDirPath = "";
			projectRoot = "";
			targets = (
				753413BA297F579800FF759A /* ToDo */,
				753413C0297F579800FF759A /* ToDo Watch App */,
				753413D2297F579900FF759A /* ToDo Watch AppTests */,
				753413DC297F579900FF759A /* ToDo Watch AppUITests */,
			);
		};
/* End PBXProject section */

/* Begin PBXResourcesBuildPhase section */
		753413B9297F579800FF759A /* Resources */ = {
			isa = PBXResourcesBuildPhase;
			buildActionMask = 2147483647;
			files = (
			);
			runOnlyForDeploymentPostprocessing = 0;
		};
		753413BF297F579800FF759A /* Resources */ = {
			isa = PBXResourcesBuildPhase;
			buildActionMask = 2147483647;
			files = (
				753413CE297F579900FF759A /* Preview Assets.xcassets in Resources */,
				753413CB297F579900FF759A /* Assets.xcassets in Resources */,
			);
			runOnlyForDeploymentPostprocessing = 0;
		};
		753413D1297F579900FF759A /* Resources */ = {
			isa = PBXResourcesBuildPhase;
			buildActionMask = 2147483647;
			files = (
			);
			runOnlyForDeploymentPostprocessing = 0;
		};
		753413DB297F579900FF759A /* Resources */ = {
			isa = PBXResourcesBuildPhase;
			buildActionMask = 2147483647;
			files = (
			);
			runOnlyForDeploymentPostprocessing = 0;
		};
/* End PBXResourcesBuildPhase section */

/* Begin PBXSourcesBuildPhase section */
		753413BD297F579800FF759A /* Sources */ = {
			isa = PBXSourcesBuildPhase;
			buildActionMask = 2147483647;
			files = (
				753413C9297F579800FF759A /* ContentView.swift in Sources */,
				753F8B70298609B500F3B8AA /* HeaderView.swift in Sources */,
				753413C7297F579800FF759A /* ToDoApp.swift in Sources */,
				75DFA42229845E7100599B6C /* NoteView.swift in Sources */,
				753F8B6D298608CF00F3B8AA /* InfoView.swift in Sources */,
				758B27032983447E000388B4 /* Note.swift in Sources */,
			);
			runOnlyForDeploymentPostprocessing = 0;
		};
		753413CF297F579900FF759A /* Sources */ = {
			isa = PBXSourcesBuildPhase;
			buildActionMask = 2147483647;
			files = (
				753413D8297F579900FF759A /* ToDo_Watch_AppTests.swift in Sources */,
			);
			runOnlyForDeploymentPostprocessing = 0;
		};
		753413D9297F579900FF759A /* Sources */ = {
			isa = PBXSourcesBuildPhase;
			buildActionMask = 2147483647;
			files = (
				753413E4297F579900FF759A /* ToDo_Watch_AppUITestsLaunchTests.swift in Sources */,
				753413E2297F579900FF759A /* ToDo_Watch_AppUITests.swift in Sources */,
			);
			runOnlyForDeploymentPostprocessing = 0;
		};
/* End PBXSourcesBuildPhase section */

/* Begin PBXTargetDependency section */
		753413C4297F579800FF759A /* PBXTargetDependency */ = {
			isa = PBXTargetDependency;
			target = 753413C0297F579800FF759A /* ToDo Watch App */;
			targetProxy = 753413C3297F579800FF759A /* PBXContainerItemProxy */;
		};
		753413D5297F579900FF759A /* PBXTargetDependency */ = {
			isa = PBXTargetDependency;
			target = 753413C0297F579800FF759A /* ToDo Watch App */;
			targetProxy = 753413D4297F579900FF759A /* PBXContainerItemProxy */;
		};
		753413DF297F579900FF759A /* PBXTargetDependency */ = {
			isa = PBXTargetDependency;
			target = 753413C0297F579800FF759A /* ToDo Watch App */;
			targetProxy = 753413DE297F579900FF759A /* PBXContainerItemProxy */;
		};
/* End PBXTargetDependency section */

/* Begin XCBuildConfiguration section */
		753413E5297F579900FF759A /* Debug */ = {
			isa = XCBuildConfiguration;
			buildSettings = {
				ALWAYS_SEARCH_USER_PATHS = NO;
				CLANG_ANALYZER_NONNULL = YES;
				CLANG_ANALYZER_NUMBER_OBJECT_CONVERSION = YES_AGGRESSIVE;
				CLANG_CXX_LANGUAGE_STANDARD = "gnu++20";
				CLANG_ENABLE_MODULES = YES;
				CLANG_ENABLE_OBJC_ARC = YES;
				CLANG_ENABLE_OBJC_WEAK = YES;
				CLANG_WARN_BLOCK_CAPTURE_AUTORELEASING = YES;
				CLANG_WARN_BOOL_CONVERSION = YES;
				CLANG_WARN_COMMA = YES;
				CLANG_WARN_CONSTANT_CONVERSION = YES;
				CLANG_WARN_DEPRECATED_OBJC_IMPLEMENTATIONS = YES;
				CLANG_WARN_DIRECT_OBJC_ISA_USAGE = YES_ERROR;
				CLANG_WARN_DOCUMENTATION_COMMENTS = YES;
				CLANG_WARN_EMPTY_BODY = YES;
				CLANG_WARN_ENUM_CONVERSION = YES;
				CLANG_WARN_INFINITE_RECURSION = YES;
				CLANG_WARN_INT_CONVERSION = YES;
				CLANG_WARN_NON_LITERAL_NULL_CONVERSION = YES;
				CLANG_WARN_OBJC_IMPLICIT_RETAIN_SELF = YES;
				CLANG_WARN_OBJC_LITERAL_CONVERSION = YES;
				CLANG_WARN_OBJC_ROOT_CLASS = YES_ERROR;
				CLANG_WARN_QUOTED_INCLUDE_IN_FRAMEWORK_HEADER = YES;
				CLANG_WARN_RANGE_LOOP_ANALYSIS = YES;
				CLANG_WARN_STRICT_PROTOTYPES = YES;
				CLANG_WARN_SUSPICIOUS_MOVE = YES;
				CLANG_WARN_UNGUARDED_AVAILABILITY = YES_AGGRESSIVE;
				CLANG_WARN_UNREACHABLE_CODE = YES;
				CLANG_WARN__DUPLICATE_METHOD_MATCH = YES;
				COPY_PHASE_STRIP = NO;
				DEBUG_INFORMATION_FORMAT = dwarf;
				ENABLE_STRICT_OBJC_MSGSEND = YES;
				ENABLE_TESTABILITY = YES;
				GCC_C_LANGUAGE_STANDARD = gnu11;
				GCC_DYNAMIC_NO_PIC = NO;
				GCC_NO_COMMON_BLOCKS = YES;
				GCC_OPTIMIZATION_LEVEL = 0;
				GCC_PREPROCESSOR_DEFINITIONS = (
					"DEBUG=1",
					"$(inherited)",
				);
				GCC_WARN_64_TO_32_BIT_CONVERSION = YES;
				GCC_WARN_ABOUT_RETURN_TYPE = YES_ERROR;
				GCC_WARN_UNDECLARED_SELECTOR = YES;
				GCC_WARN_UNINITIALIZED_AUTOS = YES_AGGRESSIVE;
				GCC_WARN_UNUSED_FUNCTION = YES;
				GCC_WARN_UNUSED_VARIABLE = YES;
				MTL_ENABLE_DEBUG_INFO = INCLUDE_SOURCE;
				MTL_FAST_MATH = YES;
				ONLY_ACTIVE_ARCH = YES;
				SWIFT_ACTIVE_COMPILATION_CONDITIONS = DEBUG;
				SWIFT_OPTIMIZATION_LEVEL = "-Onone";
			};
			name = Debug;
		};
		753413E6297F579900FF759A /* Release */ = {
			isa = XCBuildConfiguration;
			buildSettings = {
				ALWAYS_SEARCH_USER_PATHS = NO;
				CLANG_ANALYZER_NONNULL = YES;
				CLANG_ANALYZER_NUMBER_OBJECT_CONVERSION = YES_AGGRESSIVE;
				CLANG_CXX_LANGUAGE_STANDARD = "gnu++20";
				CLANG_ENABLE_MODULES = YES;
				CLANG_ENABLE_OBJC_ARC = YES;
				CLANG_ENABLE_OBJC_WEAK = YES;
				CLANG_WARN_BLOCK_CAPTURE_AUTORELEASING = YES;
				CLANG_WARN_BOOL_CONVERSION = YES;
				CLANG_WARN_COMMA = YES;
				CLANG_WARN_CONSTANT_CONVERSION = YES;
				CLANG_WARN_DEPRECATED_OBJC_IMPLEMENTATIONS = YES;
				CLANG_WARN_DIRECT_OBJC_ISA_USAGE = YES_ERROR;
				CLANG_WARN_DOCUMENTATION_COMMENTS = YES;
				CLANG_WARN_EMPTY_BODY = YES;
				CLANG_WARN_ENUM_CONVERSION = YES;
				CLANG_WARN_INFINITE_RECURSION = YES;
				CLANG_WARN_INT_CONVERSION = YES;
				CLANG_WARN_NON_LITERAL_NULL_CONVERSION = YES;
				CLANG_WARN_OBJC_IMPLICIT_RETAIN_SELF = YES;
				CLANG_WARN_OBJC_LITERAL_CONVERSION = YES;
				CLANG_WARN_OBJC_ROOT_CLASS = YES_ERROR;
				CLANG_WARN_QUOTED_INCLUDE_IN_FRAMEWORK_HEADER = YES;
				CLANG_WARN_RANGE_LOOP_ANALYSIS = YES;
				CLANG_WARN_STRICT_PROTOTYPES = YES;
				CLANG_WARN_SUSPICIOUS_MOVE = YES;
				CLANG_WARN_UNGUARDED_AVAILABILITY = YES_AGGRESSIVE;
				CLANG_WARN_UNREACHABLE_CODE = YES;
				CLANG_WARN__DUPLICATE_METHOD_MATCH = YES;
				COPY_PHASE_STRIP = NO;
				DEBUG_INFORMATION_FORMAT = "dwarf-with-dsym";
				ENABLE_NS_ASSERTIONS = NO;
				ENABLE_STRICT_OBJC_MSGSEND = YES;
				GCC_C_LANGUAGE_STANDARD = gnu11;
				GCC_NO_COMMON_BLOCKS = YES;
				GCC_WARN_64_TO_32_BIT_CONVERSION = YES;
				GCC_WARN_ABOUT_RETURN_TYPE = YES_ERROR;
				GCC_WARN_UNDECLARED_SELECTOR = YES;
				GCC_WARN_UNINITIALIZED_AUTOS = YES_AGGRESSIVE;
				GCC_WARN_UNUSED_FUNCTION = YES;
				GCC_WARN_UNUSED_VARIABLE = YES;
				MTL_ENABLE_DEBUG_INFO = NO;
				MTL_FAST_MATH = YES;
				SWIFT_COMPILATION_MODE = wholemodule;
				SWIFT_OPTIMIZATION_LEVEL = "-O";
			};
			name = Release;
		};
		753413E8297F579900FF759A /* Debug */ = {
			isa = XCBuildConfiguration;
			buildSettings = {
				ASSETCATALOG_COMPILER_APPICON_NAME = AppIcon;
				ASSETCATALOG_COMPILER_GLOBAL_ACCENT_COLOR_NAME = AccentColor;
				CODE_SIGN_STYLE = Automatic;
				CURRENT_PROJECT_VERSION = 1;
				DEVELOPMENT_ASSET_PATHS = "\"ToDo Watch App/Preview Content\"";
				DEVELOPMENT_TEAM = NB2229V6VB;
				ENABLE_PREVIEWS = YES;
				GENERATE_INFOPLIST_FILE = YES;
				INFOPLIST_KEY_CFBundleDisplayName = ToDo;
				INFOPLIST_KEY_UISupportedInterfaceOrientations = "UIInterfaceOrientationPortrait UIInterfaceOrientationPortraitUpsideDown";
				INFOPLIST_KEY_WKWatchOnly = YES;
				LD_RUNPATH_SEARCH_PATHS = (
					"$(inherited)",
					"@executable_path/Frameworks",
				);
				MARKETING_VERSION = 1.0;
				PRODUCT_BUNDLE_IDENTIFIER = com.zpo.ToDo.watchkitapp;
				PRODUCT_NAME = "$(TARGET_NAME)";
				SDKROOT = watchos;
				SKIP_INSTALL = YES;
				SWIFT_EMIT_LOC_STRINGS = YES;
				SWIFT_VERSION = 5.0;
				TARGETED_DEVICE_FAMILY = 4;
				WATCHOS_DEPLOYMENT_TARGET = 9.1;
			};
			name = Debug;
		};
		753413E9297F579900FF759A /* Release */ = {
			isa = XCBuildConfiguration;
			buildSettings = {
				ASSETCATALOG_COMPILER_APPICON_NAME = AppIcon;
				ASSETCATALOG_COMPILER_GLOBAL_ACCENT_COLOR_NAME = AccentColor;
				CODE_SIGN_STYLE = Automatic;
				CURRENT_PROJECT_VERSION = 1;
				DEVELOPMENT_ASSET_PATHS = "\"ToDo Watch App/Preview Content\"";
				DEVELOPMENT_TEAM = NB2229V6VB;
				ENABLE_PREVIEWS = YES;
				GENERATE_INFOPLIST_FILE = YES;
				INFOPLIST_KEY_CFBundleDisplayName = ToDo;
				INFOPLIST_KEY_UISupportedInterfaceOrientations = "UIInterfaceOrientationPortrait UIInterfaceOrientationPortraitUpsideDown";
				INFOPLIST_KEY_WKWatchOnly = YES;
				LD_RUNPATH_SEARCH_PATHS = (
					"$(inherited)",
					"@executable_path/Frameworks",
				);
				MARKETING_VERSION = 1.0;
				PRODUCT_BUNDLE_IDENTIFIER = com.zpo.ToDo.watchkitapp;
				PRODUCT_NAME = "$(TARGET_NAME)";
				SDKROOT = watchos;
				SKIP_INSTALL = YES;
				SWIFT_EMIT_LOC_STRINGS = YES;
				SWIFT_VERSION = 5.0;
				TARGETED_DEVICE_FAMILY = 4;
				VALIDATE_PRODUCT = YES;
				WATCHOS_DEPLOYMENT_TARGET = 9.1;
			};
			name = Release;
		};
		753413EC297F579900FF759A /* Debug */ = {
			isa = XCBuildConfiguration;
			buildSettings = {
				ALWAYS_EMBED_SWIFT_STANDARD_LIBRARIES = YES;
				CODE_SIGN_STYLE = Automatic;
				CURRENT_PROJECT_VERSION = 1;
				DEVELOPMENT_TEAM = NB2229V6VB;
				INFOPLIST_KEY_CFBundleDisplayName = ToDo;
				MARKETING_VERSION = 1.0;
				PRODUCT_BUNDLE_IDENTIFIER = com.zpo.ToDo;
				PRODUCT_NAME = "$(TARGET_NAME)";
				SDKROOT = iphoneos;
				SWIFT_VERSION = 5.0;
			};
			name = Debug;
		};
		753413ED297F579900FF759A /* Release */ = {
			isa = XCBuildConfiguration;
			buildSettings = {
				ALWAYS_EMBED_SWIFT_STANDARD_LIBRARIES = YES;
				CODE_SIGN_STYLE = Automatic;
				CURRENT_PROJECT_VERSION = 1;
				DEVELOPMENT_TEAM = NB2229V6VB;
				INFOPLIST_KEY_CFBundleDisplayName = ToDo;
				MARKETING_VERSION = 1.0;
				PRODUCT_BUNDLE_IDENTIFIER = com.zpo.ToDo;
				PRODUCT_NAME = "$(TARGET_NAME)";
				SDKROOT = iphoneos;
				SWIFT_VERSION = 5.0;
				VALIDATE_PRODUCT = YES;
			};
			name = Release;
		};
		753413EF297F579900FF759A /* Debug */ = {
			isa = XCBuildConfiguration;
			buildSettings = {
				ALWAYS_EMBED_SWIFT_STANDARD_LIBRARIES = YES;
				BUNDLE_LOADER = "$(TEST_HOST)";
				CODE_SIGN_STYLE = Automatic;
				CURRENT_PROJECT_VERSION = 1;
				DEVELOPMENT_TEAM = NB2229V6VB;
				GENERATE_INFOPLIST_FILE = YES;
				MARKETING_VERSION = 1.0;
				PRODUCT_BUNDLE_IDENTIFIER = "com.zpo.ToDo-Watch-AppTests";
				PRODUCT_NAME = "$(TARGET_NAME)";
				SDKROOT = watchos;
				SWIFT_EMIT_LOC_STRINGS = NO;
				SWIFT_VERSION = 5.0;
				TARGETED_DEVICE_FAMILY = 4;
				TEST_HOST = "$(BUILT_PRODUCTS_DIR)/ToDo Watch App.app/$(BUNDLE_EXECUTABLE_FOLDER_PATH)/ToDo Watch App";
				WATCHOS_DEPLOYMENT_TARGET = 9.1;
			};
			name = Debug;
		};
		753413F0297F579900FF759A /* Release */ = {
			isa = XCBuildConfiguration;
			buildSettings = {
				ALWAYS_EMBED_SWIFT_STANDARD_LIBRARIES = YES;
				BUNDLE_LOADER = "$(TEST_HOST)";
				CODE_SIGN_STYLE = Automatic;
				CURRENT_PROJECT_VERSION = 1;
				DEVELOPMENT_TEAM = NB2229V6VB;
				GENERATE_INFOPLIST_FILE = YES;
				MARKETING_VERSION = 1.0;
				PRODUCT_BUNDLE_IDENTIFIER = "com.zpo.ToDo-Watch-AppTests";
				PRODUCT_NAME = "$(TARGET_NAME)";
				SDKROOT = watchos;
				SWIFT_EMIT_LOC_STRINGS = NO;
				SWIFT_VERSION = 5.0;
				TARGETED_DEVICE_FAMILY = 4;
				TEST_HOST = "$(BUILT_PRODUCTS_DIR)/ToDo Watch App.app/$(BUNDLE_EXECUTABLE_FOLDER_PATH)/ToDo Watch App";
				VALIDATE_PRODUCT = YES;
				WATCHOS_DEPLOYMENT_TARGET = 9.1;
			};
			name = Release;
		};
		753413F2297F579900FF759A /* Debug */ = {
			isa = XCBuildConfiguration;
			buildSettings = {
				ALWAYS_EMBED_SWIFT_STANDARD_LIBRARIES = YES;
				CODE_SIGN_STYLE = Automatic;
				CURRENT_PROJECT_VERSION = 1;
				DEVELOPMENT_TEAM = NB2229V6VB;
				GENERATE_INFOPLIST_FILE = YES;
				MARKETING_VERSION = 1.0;
				PRODUCT_BUNDLE_IDENTIFIER = "com.zpo.ToDo-Watch-AppUITests";
				PRODUCT_NAME = "$(TARGET_NAME)";
				SDKROOT = watchos;
				SWIFT_EMIT_LOC_STRINGS = NO;
				SWIFT_VERSION = 5.0;
				TARGETED_DEVICE_FAMILY = 4;
				TEST_TARGET_NAME = "ToDo Watch App";
				WATCHOS_DEPLOYMENT_TARGET = 9.1;
			};
			name = Debug;
		};
		753413F3297F579900FF759A /* Release */ = {
			isa = XCBuildConfiguration;
			buildSettings = {
				ALWAYS_EMBED_SWIFT_STANDARD_LIBRARIES = YES;
				CODE_SIGN_STYLE = Automatic;
				CURRENT_PROJECT_VERSION = 1;
				DEVELOPMENT_TEAM = NB2229V6VB;
				GENERATE_INFOPLIST_FILE = YES;
				MARKETING_VERSION = 1.0;
				PRODUCT_BUNDLE_IDENTIFIER = "com.zpo.ToDo-Watch-AppUITests";
				PRODUCT_NAME = "$(TARGET_NAME)";
				SDKROOT = watchos;
				SWIFT_EMIT_LOC_STRINGS = NO;
				SWIFT_VERSION = 5.0;
				TARGETED_DEVICE_FAMILY = 4;
				TEST_TARGET_NAME = "ToDo Watch App";
				VALIDATE_PRODUCT = YES;
				WATCHOS_DEPLOYMENT_TARGET = 9.1;
			};
			name = Release;
		};
/* End XCBuildConfiguration section */

/* Begin XCConfigurationList section */
		753413B8297F579800FF759A /* Build configuration list for PBXProject "ToDo" */ = {
			isa = XCConfigurationList;
			buildConfigurations = (
				753413E5297F579900FF759A /* Debug */,
				753413E6297F579900FF759A /* Release */,
			);
			defaultConfigurationIsVisible = 0;
			defaultConfigurationName = Release;
		};
		753413E7297F579900FF759A /* Build configuration list for PBXNativeTarget "ToDo Watch App" */ = {
			isa = XCConfigurationList;
			buildConfigurations = (
				753413E8297F579900FF759A /* Debug */,
				753413E9297F579900FF759A /* Release */,
			);
			defaultConfigurationIsVisible = 0;
			defaultConfigurationName = Release;
		};
		753413EB297F579900FF759A /* Build configuration list for PBXNativeTarget "ToDo" */ = {
			isa = XCConfigurationList;
			buildConfigurations = (
				753413EC297F579900FF759A /* Debug */,
				753413ED297F579900FF759A /* Release */,
			);
			defaultConfigurationIsVisible = 0;
			defaultConfigurationName = Release;
		};
		753413EE297F579900FF759A /* Build configuration list for PBXNativeTarget "ToDo Watch AppTests" */ = {
			isa = XCConfigurationList;
			buildConfigurations = (
				753413EF297F579900FF759A /* Debug */,
				753413F0297F579900FF759A /* Release */,
			);
			defaultConfigurationIsVisible = 0;
			defaultConfigurationName = Release;
		};
		753413F1297F579900FF759A /* Build configuration list for PBXNativeTarget "ToDo Watch AppUITests" */ = {
			isa = XCConfigurationList;
			buildConfigurations = (
				753413F2297F579900FF759A /* Debug */,
				753413F3297F579900FF759A /* Release */,
			);
			defaultConfigurationIsVisible = 0;
			defaultConfigurationName = Release;
		};
/* End XCConfigurationList section */
	};
	rootObject = 753413B5297F579800FF759A /* Project object */;
}
